PODS:
  - Bolts/Tasks (1.9.1)
  - Parse (1.18.0):
    - Parse/Core (= 1.18.0)
  - Parse/Core (1.18.0):
    - Bolts/Tasks (= 1.9.1)
  - Parse/UI (1.18.0):
    - Parse/Core

DEPENDENCIES:
  - Parse
  - Parse/UI

SPEC REPOS:
  trunk:
    - Bolts
    - Parse

SPEC CHECKSUMS:
  Bolts: 8c1e8aab2f603387b8b9924f57d1d64f43d3ffdc
  Parse: 79bdda34fdb7eb2a707a43a951c8aae236cb3e34

PODFILE CHECKSUM: a965a5cd6c640d16d8a14612b64190d20e1e0c9b

COCOAPODS: 1.9.3
